
Microsoft Visual Studio Solution File, Format Version 12.00
# Visual Studio 2013
VisualStudioVersion = 12.0.31101.0
MinimumVisualStudioVersion = 10.0.40219.1
Project("{FAE04EC0-301F-11D3-BF4B-00C04F79EFBC}") = "read_config", "read_config\read_config.csproj", "{A72F8D45-9932-47AB-A9A0-C7498E9B25AB}"
EndProject
Global
	GlobalSection(SolutionConfigurationPlatforms) = preSolution
		Debug|Any CPU = Debug|Any CPU
		Release|Any CPU = Release|Any CPU
	EndGlobalSection
	GlobalSection(ProjectConfigurationPlatforms) = postSolution
		{A72F8D45-9932-47AB-A9A0-C7498E9B25AB}.Debug|Any CPU.ActiveCfg = Debug|Any CPU
		{A72F8D45-9932-47AB-A9A0-C7498E9B25AB}.Debug|Any CPU.Build.0 = Debug|Any CPU
		{A72F8D45-9932-47AB-A9A0-C7498E9B25AB}.Release|Any CPU.ActiveCfg = Release|Any CPU
		{A72F8D45-9932-47AB-A9A0-C7498E9B25AB}.Release|Any CPU.Build.0 = Release|Any CPU
	EndGlobalSection
	GlobalSection(SolutionProperties) = preSolution
		HideSolutionNode = FALSE
	EndGlobalSection
EndGlobal
